// !$*UTF8*$!
{
	archiveVersion = 1;
	classes = {
	};
	objectVersion = 77;
	objects = {

/* Begin PBXContainerItemProxy section */
		7D4319B12CA6EA870059EA8F /* PBXContainerItemProxy */ = {
			isa = PBXContainerItemProxy;
			containerPortal = 7D4319982CA6EA860059EA8F /* Project object */;
			proxyType = 1;
			remoteGlobalIDString = 7D43199F2CA6EA860059EA8F;
			remoteInfo = questionsorsmth;
		};
		7D4319BB2CA6EA870059EA8F /* PBXContainerItemProxy */ = {
			isa = PBXContainerItemProxy;
			containerPortal = 7D4319982CA6EA860059EA8F /* Project object */;
			proxyType = 1;
			remoteGlobalIDString = 7D43199F2CA6EA860059EA8F;
			remoteInfo = questionsorsmth;
		};
/* End PBXContainerItemProxy section */

/* Begin PBXFileReference section */
		7D4319A02CA6EA860059EA8F /* questionsorsmth.app */ = {isa = PBXFileReference; explicitFileType = wrapper.application; includeInIndex = 0; path = questionsorsmth.app; sourceTree = BUILT_PRODUCTS_DIR; };
		7D4319B02CA6EA870059EA8F /* questionsorsmthTests.xctest */ = {isa = PBXFileReference; explicitFileType = wrapper.cfbundle; includeInIndex = 0; path = questionsorsmthTests.xctest; sourceTree = BUILT_PRODUCTS_DIR; };
		7D4319BA2CA6EA870059EA8F /* questionsorsmthUITests.xctest */ = {isa = PBXFileReference; explicitFileType = wrapper.cfbundle; includeInIndex = 0; path = questionsorsmthUITests.xctest; sourceTree = BUILT_PRODUCTS_DIR; };
/* End PBXFileReference section */

/* Begin PBXFileSystemSynchronizedRootGroup section */
		7D4319A22CA6EA860059EA8F /* questionsorsmth */ = {
			isa = PBXFileSystemSynchronizedRootGroup;
			path = questionsorsmth;
			sourceTree = "<group>";
		};
		7D4319B32CA6EA870059EA8F /* questionsorsmthTests */ = {
			isa = PBXFileSystemSynchronizedRootGroup;
			path = questionsorsmthTests;
			sourceTree = "<group>";
		};
		7D4319BD2CA6EA870059EA8F /* questionsorsmthUITests */ = {
			isa = PBXFileSystemSynchronizedRootGroup;
			path = questionsorsmthUITests;
			sourceTree = "<group>";
		};
/* End PBXFileSystemSynchronizedRootGroup section */

/* Begin PBXFrameworksBuildPhase section */
		7D43199D2CA6EA860059EA8F /* Frameworks */ = {
			isa = PBXFrameworksBuildPhase;
			buildActionMask = 2147483647;
			files = (
			);
			runOnlyForDeploymentPostprocessing = 0;
		};
		7D4319AD2CA6EA870059EA8F /* Frameworks */ = {
			isa = PBXFrameworksBuildPhase;
			buildActionMask = 2147483647;
			files = (
			);
			runOnlyForDeploymentPostprocessing = 0;
		};
		7D4319B72CA6EA870059EA8F /* Frameworks */ = {
			isa = PBXFrameworksBuildPhase;
			buildActionMask = 2147483647;
			files = (
			);
			runOnlyForDeploymentPostprocessing = 0;
		};
/* End PBXFrameworksBuildPhase section */

/* Begin PBXGroup section */
		7D4319972CA6EA860059EA8F = {
			isa = PBXGroup;
			children = (
				7D4319A22CA6EA860059EA8F /* questionsorsmth */,
				7D4319B32CA6EA870059EA8F /* questionsorsmthTests */,
				7D4319BD2CA6EA870059EA8F /* questionsorsmthUITests */,
				7D4319A12CA6EA860059EA8F /* Products */,
			);
			sourceTree = "<group>";
		};
		7D4319A12CA6EA860059EA8F /* Products */ = {
			isa = PBXGroup;
			children = (
				7D4319A02CA6EA860059EA8F /* questionsorsmth.app */,
				7D4319B02CA6EA870059EA8F /* questionsorsmthTests.xctest */,
				7D4319BA2CA6EA870059EA8F /* questionsorsmthUITests.xctest */,
			);
			name = Products;
			sourceTree = "<group>";
		};
/* End PBXGroup section */

/* Begin PBXNativeTarget section */
		7D43199F2CA6EA860059EA8F /* questionsorsmth */ = {
			isa = PBXNativeTarget;
			buildConfigurationList = 7D4319C42CA6EA870059EA8F /* Build configuration list for PBXNativeTarget "questionsorsmth" */;
			buildPhases = (
				7D43199C2CA6EA860059EA8F /* Sources */,
				7D43199D2CA6EA860059EA8F /* Frameworks */,
				7D43199E2CA6EA860059EA8F /* Resources */,
			);
			buildRules = (
			);
			dependencies = (
			);
			fileSystemSynchronizedGroups = (
				7D4319A22CA6EA860059EA8F /* questionsorsmth */,
			);
			name = questionsorsmth;
			packageProductDependencies = (
			);
			productName = questionsorsmth;
			productReference = 7D4319A02CA6EA860059EA8F /* questionsorsmth.app */;
			productType = "com.apple.product-type.application";
		};
		7D4319AF2CA6EA870059EA8F /* questionsorsmthTests */ = {
			isa = PBXNativeTarget;
			buildConfigurationList = 7D4319C72CA6EA870059EA8F /* Build configuration list for PBXNativeTarget "questionsorsmthTests" */;
			buildPhases = (
				7D4319AC2CA6EA870059EA8F /* Sources */,
				7D4319AD2CA6EA870059EA8F /* Frameworks */,
				7D4319AE2CA6EA870059EA8F /* Resources */,
			);
			buildRules = (
			);
			dependencies = (
				7D4319B22CA6EA870059EA8F /* PBXTargetDependency */,
			);
			fileSystemSynchronizedGroups = (
				7D4319B32CA6EA870059EA8F /* questionsorsmthTests */,
			);
			name = questionsorsmthTests;
			packageProductDependencies = (
			);
			productName = questionsorsmthTests;
			productReference = 7D4319B02CA6EA870059EA8F /* questionsorsmthTests.xctest */;
			productType = "com.apple.product-type.bundle.unit-test";
		};
		7D4319B92CA6EA870059EA8F /* questionsorsmthUITests */ = {
			isa = PBXNativeTarget;
			buildConfigurationList = 7D4319CA2CA6EA870059EA8F /* Build configuration list for PBXNativeTarget "questionsorsmthUITests" */;
			buildPhases = (
				7D4319B62CA6EA870059EA8F /* Sources */,
				7D4319B72CA6EA870059EA8F /* Frameworks */,
				7D4319B82CA6EA870059EA8F /* Resources */,
			);
			buildRules = (
			);
			dependencies = (
				7D4319BC2CA6EA870059EA8F /* PBXTargetDependency */,
			);
			fileSystemSynchronizedGroups = (
				7D4319BD2CA6EA870059EA8F /* questionsorsmthUITests */,
			);
			name = questionsorsmthUITests;
			packageProductDependencies = (
			);
			productName = questionsorsmthUITests;
			productReference = 7D4319BA2CA6EA870059EA8F /* questionsorsmthUITests.xctest */;
			productType = "com.apple.product-type.bundle.ui-testing";
		};
/* End PBXNativeTarget section */

/* Begin PBXProject section */
		7D4319982CA6EA860059EA8F /* Project object */ = {
			isa = PBXProject;
			attributes = {
				BuildIndependentTargetsInParallel = 1;
				LastSwiftUpdateCheck = 1600;
				LastUpgradeCheck = 1600;
				TargetAttributes = {
					7D43199F2CA6EA860059EA8F = {
						CreatedOnToolsVersion = 16.0;
					};
					7D4319AF2CA6EA870059EA8F = {
						CreatedOnToolsVersion = 16.0;
						TestTargetID = 7D43199F2CA6EA860059EA8F;
					};
					7D4319B92CA6EA870059EA8F = {
						CreatedOnToolsVersion = 16.0;
						TestTargetID = 7D43199F2CA6EA860059EA8F;
					};
				};
			};
			buildConfigurationList = 7D43199B2CA6EA860059EA8F /* Build configuration list for PBXProject "questionsorsmth" */;
			developmentRegion = en;
			hasScannedForEncodings = 0;
			knownRegions = (
				en,
				Base,
			);
			mainGroup = 7D4319972CA6EA860059EA8F;
			minimizedProjectReferenceProxies = 1;
			preferredProjectObjectVersion = 77;
			productRefGroup = 7D4319A12CA6EA860059EA8F /* Products */;
			projectDirPath = "";
			projectRoot = "";
			targets = (
				7D43199F2CA6EA860059EA8F /* questionsorsmth */,
				7D4319AF2CA6EA870059EA8F /* questionsorsmthTests */,
				7D4319B92CA6EA870059EA8F /* questionsorsmthUITests */,
			);
		};
/* End PBXProject section */

/* Begin PBXResourcesBuildPhase section */
		7D43199E2CA6EA860059EA8F /* Resources */ = {
			isa = PBXResourcesBuildPhase;
			buildActionMask = 2147483647;
			files = (
			);
			runOnlyForDeploymentPostprocessing = 0;
		};
		7D4319AE2CA6EA870059EA8F /* Resources */ = {
			isa = PBXResourcesBuildPhase;
			buildActionMask = 2147483647;
			files = (
			);
			runOnlyForDeploymentPostprocessing = 0;
		};
		7D4319B82CA6EA870059EA8F /* Resources */ = {
			isa = PBXResourcesBuildPhase;
			buildActionMask = 2147483647;
			files = (
			);
			runOnlyForDeploymentPostprocessing = 0;
		};
/* End PBXResourcesBuildPhase section */

/* Begin PBXSourcesBuildPhase section */
		7D43199C2CA6EA860059EA8F /* Sources */ = {
			isa = PBXSourcesBuildPhase;
			buildActionMask = 2147483647;
			files = (
			);
			runOnlyForDeploymentPostprocessing = 0;
		};
		7D4319AC2CA6EA870059EA8F /* Sources */ = {
			isa = PBXSourcesBuildPhase;
			buildActionMask = 2147483647;
			files = (
			);
			runOnlyForDeploymentPostprocessing = 0;
		};
		7D4319B62CA6EA870059EA8F /* Sources */ = {
			isa = PBXSourcesBuildPhase;
			buildActionMask = 2147483647;
			files = (
			);
			runOnlyForDeploymentPostprocessing = 0;
		};
/* End PBXSourcesBuildPhase section */

/* Begin PBXTargetDependency section */
		7D4319B22CA6EA870059EA8F /* PBXTargetDependency */ = {
			isa = PBXTargetDependency;
			target = 7D43199F2CA6EA860059EA8F /* questionsorsmth */;
			targetProxy = 7D4319B12CA6EA870059EA8F /* PBXContainerItemProxy */;
		};
		7D4319BC2CA6EA870059EA8F /* PBXTargetDependency */ = {
			isa = PBXTargetDependency;
			target = 7D43199F2CA6EA860059EA8F /* questionsorsmth */;
			targetProxy = 7D4319BB2CA6EA870059EA8F /* PBXContainerItemProxy */;
		};
/* End PBXTargetDependency section */

/* Begin XCBuildConfiguration section */
		7D4319C22CA6EA870059EA8F /* Debug */ = {
			isa = XCBuildConfiguration;
			buildSettings = {
				ALWAYS_SEARCH_USER_PATHS = NO;
				ASSETCATALOG_COMPILER_GENERATE_SWIFT_ASSET_SYMBOL_EXTENSIONS = YES;
				CLANG_ANALYZER_NONNULL = YES;
				CLANG_ANALYZER_NUMBER_OBJECT_CONVERSION = YES_AGGRESSIVE;
				CLANG_CXX_LANGUAGE_STANDARD = "gnu++20";
				CLANG_ENABLE_MODULES = YES;
				CLANG_ENABLE_OBJC_ARC = YES;
				CLANG_ENABLE_OBJC_WEAK = YES;
				CLANG_WARN_BLOCK_CAPTURE_AUTORELEASING = YES;
				CLANG_WARN_BOOL_CONVERSION = YES;
				CLANG_WARN_COMMA = YES;
				CLANG_WARN_CONSTANT_CONVERSION = YES;
				CLANG_WARN_DEPRECATED_OBJC_IMPLEMENTATIONS = YES;
				CLANG_WARN_DIRECT_OBJC_ISA_USAGE = YES_ERROR;
				CLANG_WARN_DOCUMENTATION_COMMENTS = YES;
				CLANG_WARN_EMPTY_BODY = YES;
				CLANG_WARN_ENUM_CONVERSION = YES;
				CLANG_WARN_INFINITE_RECURSION = YES;
				CLANG_WARN_INT_CONVERSION = YES;
				CLANG_WARN_NON_LITERAL_NULL_CONVERSION = YES;
				CLANG_WARN_OBJC_IMPLICIT_RETAIN_SELF = YES;
				CLANG_WARN_OBJC_LITERAL_CONVERSION = YES;
				CLANG_WARN_OBJC_ROOT_CLASS = YES_ERROR;
				CLANG_WARN_QUOTED_INCLUDE_IN_FRAMEWORK_HEADER = YES;
				CLANG_WARN_RANGE_LOOP_ANALYSIS = YES;
				CLANG_WARN_STRICT_PROTOTYPES = YES;
				CLANG_WARN_SUSPICIOUS_MOVE = YES;
				CLANG_WARN_UNGUARDED_AVAILABILITY = YES_AGGRESSIVE;
				CLANG_WARN_UNREACHABLE_CODE = YES;
				CLANG_WARN__DUPLICATE_METHOD_MATCH = YES;
				COPY_PHASE_STRIP = NO;
				DEBUG_INFORMATION_FORMAT = dwarf;
				ENABLE_STRICT_OBJC_MSGSEND = YES;
				ENABLE_TESTABILITY = YES;
				ENABLE_USER_SCRIPT_SANDBOXING = YES;
				GCC_C_LANGUAGE_STANDARD = gnu17;
				GCC_DYNAMIC_NO_PIC = NO;
				GCC_NO_COMMON_BLOCKS = YES;
				GCC_OPTIMIZATION_LEVEL = 0;
				GCC_PREPROCESSOR_DEFINITIONS = (
					"DEBUG=1",
					"$(inherited)",
				);
				GCC_WARN_64_TO_32_BIT_CONVERSION = YES;
				GCC_WARN_ABOUT_RETURN_TYPE = YES_ERROR;
				GCC_WARN_UNDECLARED_SELECTOR = YES;
				GCC_WARN_UNINITIALIZED_AUTOS = YES_AGGRESSIVE;
				GCC_WARN_UNUSED_FUNCTION = YES;
				GCC_WARN_UNUSED_VARIABLE = YES;
				IPHONEOS_DEPLOYMENT_TARGET = 18.0;
				LOCALIZATION_PREFERS_STRING_CATALOGS = YES;
				MTL_ENABLE_DEBUG_INFO = INCLUDE_SOURCE;
				MTL_FAST_MATH = YES;
				ONLY_ACTIVE_ARCH = YES;
				SDKROOT = iphoneos;
				SWIFT_ACTIVE_COMPILATION_CONDITIONS = "DEBUG $(inherited)";
				SWIFT_OPTIMIZATION_LEVEL = "-Onone";
			};
			name = Debug;
		};
		7D4319C32CA6EA870059EA8F /* Release */ = {
			isa = XCBuildConfiguration;
			buildSettings = {
				ALWAYS_SEARCH_USER_PATHS = NO;
				ASSETCATALOG_COMPILER_GENERATE_SWIFT_ASSET_SYMBOL_EXTENSIONS = YES;
				CLANG_ANALYZER_NONNULL = YES;
				CLANG_ANALYZER_NUMBER_OBJECT_CONVERSION = YES_AGGRESSIVE;
				CLANG_CXX_LANGUAGE_STANDARD = "gnu++20";
				CLANG_ENABLE_MODULES = YES;
				CLANG_ENABLE_OBJC_ARC = YES;
				CLANG_ENABLE_OBJC_WEAK = YES;
				CLANG_WARN_BLOCK_CAPTURE_AUTORELEASING = YES;
				CLANG_WARN_BOOL_CONVERSION = YES;
				CLANG_WARN_COMMA = YES;
				CLANG_WARN_CONSTANT_CONVERSION = YES;
				CLANG_WARN_DEPRECATED_OBJC_IMPLEMENTATIONS = YES;
				CLANG_WARN_DIRECT_OBJC_ISA_USAGE = YES_ERROR;
				CLANG_WARN_DOCUMENTATION_COMMENTS = YES;
				CLANG_WARN_EMPTY_BODY = YES;
				CLANG_WARN_ENUM_CONVERSION = YES;
				CLANG_WARN_INFINITE_RECURSION = YES;
				CLANG_WARN_INT_CONVERSION = YES;
				CLANG_WARN_NON_LITERAL_NULL_CONVERSION = YES;
				CLANG_WARN_OBJC_IMPLICIT_RETAIN_SELF = YES;
				CLANG_WARN_OBJC_LITERAL_CONVERSION = YES;
				CLANG_WARN_OBJC_ROOT_CLASS = YES_ERROR;
				CLANG_WARN_QUOTED_INCLUDE_IN_FRAMEWORK_HEADER = YES;
				CLANG_WARN_RANGE_LOOP_ANALYSIS = YES;
				CLANG_WARN_STRICT_PROTOTYPES = YES;
				CLANG_WARN_SUSPICIOUS_MOVE = YES;
				CLANG_WARN_UNGUARDED_AVAILABILITY = YES_AGGRESSIVE;
				CLANG_WARN_UNREACHABLE_CODE = YES;
				CLANG_WARN__DUPLICATE_METHOD_MATCH = YES;
				COPY_PHASE_STRIP = NO;
				DEBUG_INFORMATION_FORMAT = "dwarf-with-dsym";
				ENABLE_NS_ASSERTIONS = NO;
				ENABLE_STRICT_OBJC_MSGSEND = YES;
				ENABLE_USER_SCRIPT_SANDBOXING = YES;
				GCC_C_LANGUAGE_STANDARD = gnu17;
				GCC_NO_COMMON_BLOCKS = YES;
				GCC_WARN_64_TO_32_BIT_CONVERSION = YES;
				GCC_WARN_ABOUT_RETURN_TYPE = YES_ERROR;
				GCC_WARN_UNDECLARED_SELECTOR = YES;
				GCC_WARN_UNINITIALIZED_AUTOS = YES_AGGRESSIVE;
				GCC_WARN_UNUSED_FUNCTION = YES;
				GCC_WARN_UNUSED_VARIABLE = YES;
				IPHONEOS_DEPLOYMENT_TARGET = 18.0;
				LOCALIZATION_PREFERS_STRING_CATALOGS = YES;
				MTL_ENABLE_DEBUG_INFO = NO;
				MTL_FAST_MATH = YES;
				SDKROOT = iphoneos;
				SWIFT_COMPILATION_MODE = wholemodule;
				VALIDATE_PRODUCT = YES;
			};
			name = Release;
		};
		7D4319C52CA6EA870059EA8F /* Debug */ = {
			isa = XCBuildConfiguration;
			buildSettings = {
				ASSETCATALOG_COMPILER_APPICON_NAME = AppIcon;
				ASSETCATALOG_COMPILER_GLOBAL_ACCENT_COLOR_NAME = AccentColor;
				CODE_SIGN_STYLE = Automatic;
				CURRENT_PROJECT_VERSION = 1;
				DEVELOPMENT_ASSET_PATHS = "\"questionsorsmth/Preview Content\"";
				DEVELOPMENT_TEAM = DM3K9DMCXL;
				ENABLE_PREVIEWS = YES;
				GENERATE_INFOPLIST_FILE = YES;
				INFOPLIST_KEY_UIApplicationSceneManifest_Generation = YES;
				INFOPLIST_KEY_UIApplicationSupportsIndirectInputEvents = YES;
				INFOPLIST_KEY_UILaunchScreen_Generation = YES;
				INFOPLIST_KEY_UISupportedInterfaceOrientations_iPad = "UIInterfaceOrientationPortrait UIInterfaceOrientationPortraitUpsideDown UIInterfaceOrientationLandscapeLeft UIInterfaceOrientationLandscapeRight";
				INFOPLIST_KEY_UISupportedInterfaceOrientations_iPhone = "UIInterfaceOrientationPortrait UIInterfaceOrientationLandscapeLeft UIInterfaceOrientationLandscapeRight";
				LD_RUNPATH_SEARCH_PATHS = (
					"$(inherited)",
					"@executable_path/Frameworks",
				);
				MARKETING_VERSION = 1.0;
				PRODUCT_BUNDLE_IDENTIFIER = tulsatech.questionsorsmth;
				PRODUCT_NAME = "$(TARGET_NAME)";
				SWIFT_EMIT_LOC_STRINGS = YES;
				SWIFT_VERSION = 5.0;
				TARGETED_DEVICE_FAMILY = "1,2";
			};
			name = Debug;
		};
		7D4319C62CA6EA870059EA8F /* Release */ = {
			isa = XCBuildConfiguration;
			buildSettings = {
				ASSETCATALOG_COMPILER_APPICON_NAME = AppIcon;
				ASSETCATALOG_COMPILER_GLOBAL_ACCENT_COLOR_NAME = AccentColor;
				CODE_SIGN_STYLE = Automatic;
				CURRENT_PROJECT_VERSION = 1;
				DEVELOPMENT_ASSET_PATHS = "\"questionsorsmth/Preview Content\"";
				DEVELOPMENT_TEAM = DM3K9DMCXL;
				ENABLE_PREVIEWS = YES;
				GENERATE_INFOPLIST_FILE = YES;
				INFOPLIST_KEY_UIApplicationSceneManifest_Generation = YES;
				INFOPLIST_KEY_UIApplicationSupportsIndirectInputEvents = YES;
				INFOPLIST_KEY_UILaunchScreen_Generation = YES;
				INFOPLIST_KEY_UISupportedInterfaceOrientations_iPad = "UIInterfaceOrientationPortrait UIInterfaceOrientationPortraitUpsideDown UIInterfaceOrientationLandscapeLeft UIInterfaceOrientationLandscapeRight";
				INFOPLIST_KEY_UISupportedInterfaceOrientations_iPhone = "UIInterfaceOrientationPortrait UIInterfaceOrientationLandscapeLeft UIInterfaceOrientationLandscapeRight";
				LD_RUNPATH_SEARCH_PATHS = (
					"$(inherited)",
					"@executable_path/Frameworks",
				);
				MARKETING_VERSION = 1.0;
				PRODUCT_BUNDLE_IDENTIFIER = tulsatech.questionsorsmth;
				PRODUCT_NAME = "$(TARGET_NAME)";
				SWIFT_EMIT_LOC_STRINGS = YES;
				SWIFT_VERSION = 5.0;
				TARGETED_DEVICE_FAMILY = "1,2";
			};
			name = Release;
		};
		7D4319C82CA6EA870059EA8F /* Debug */ = {
			isa = XCBuildConfiguration;
			buildSettings = {
				BUNDLE_LOADER = "$(TEST_HOST)";
				CODE_SIGN_STYLE = Automatic;
				CURRENT_PROJECT_VERSION = 1;
				DEVELOPMENT_TEAM = DM3K9DMCXL;
				GENERATE_INFOPLIST_FILE = YES;
				IPHONEOS_DEPLOYMENT_TARGET = 18.0;
				MARKETING_VERSION = 1.0;
				PRODUCT_BUNDLE_IDENTIFIER = tulsatech.questionsorsmthTests;
				PRODUCT_NAME = "$(TARGET_NAME)";
				SWIFT_EMIT_LOC_STRINGS = NO;
				SWIFT_VERSION = 5.0;
				TARGETED_DEVICE_FAMILY = "1,2";
				TEST_HOST = "$(BUILT_PRODUCTS_DIR)/questionsorsmth.app/$(BUNDLE_EXECUTABLE_FOLDER_PATH)/questionsorsmth";
			};
			name = Debug;
		};
		7D4319C92CA6EA870059EA8F /* Release */ = {
			isa = XCBuildConfiguration;
			buildSettings = {
				BUNDLE_LOADER = "$(TEST_HOST)";
				CODE_SIGN_STYLE = Automatic;
				CURRENT_PROJECT_VERSION = 1;
				DEVELOPMENT_TEAM = DM3K9DMCXL;
				GENERATE_INFOPLIST_FILE = YES;
				IPHONEOS_DEPLOYMENT_TARGET = 18.0;
				MARKETING_VERSION = 1.0;
				PRODUCT_BUNDLE_IDENTIFIER = tulsatech.questionsorsmthTests;
				PRODUCT_NAME = "$(TARGET_NAME)";
				SWIFT_EMIT_LOC_STRINGS = NO;
				SWIFT_VERSION = 5.0;
				TARGETED_DEVICE_FAMILY = "1,2";
				TEST_HOST = "$(BUILT_PRODUCTS_DIR)/questionsorsmth.app/$(BUNDLE_EXECUTABLE_FOLDER_PATH)/questionsorsmth";
			};
			name = Release;
		};
		7D4319CB2CA6EA870059EA8F /* Debug */ = {
			isa = XCBuildConfiguration;
			buildSettings = {
				CODE_SIGN_STYLE = Automatic;
				CURRENT_PROJECT_VERSION = 1;
				DEVELOPMENT_TEAM = DM3K9DMCXL;
				GENERATE_INFOPLIST_FILE = YES;
				MARKETING_VERSION = 1.0;
				PRODUCT_BUNDLE_IDENTIFIER = tulsatech.questionsorsmthUITests;
				PRODUCT_NAME = "$(TARGET_NAME)";
				SWIFT_EMIT_LOC_STRINGS = NO;
				SWIFT_VERSION = 5.0;
				TARGETED_DEVICE_FAMILY = "1,2";
				TEST_TARGET_NAME = questionsorsmth;
			};
			name = Debug;
		};
		7D4319CC2CA6EA870059EA8F /* Release */ = {
			isa = XCBuildConfiguration;
			buildSettings = {
				CODE_SIGN_STYLE = Automatic;
				CURRENT_PROJECT_VERSION = 1;
				DEVELOPMENT_TEAM = DM3K9DMCXL;
				GENERATE_INFOPLIST_FILE = YES;
				MARKETING_VERSION = 1.0;
				PRODUCT_BUNDLE_IDENTIFIER = tulsatech.questionsorsmthUITests;
				PRODUCT_NAME = "$(TARGET_NAME)";
				SWIFT_EMIT_LOC_STRINGS = NO;
				SWIFT_VERSION = 5.0;
				TARGETED_DEVICE_FAMILY = "1,2";
				TEST_TARGET_NAME = questionsorsmth;
			};
			name = Release;
		};
/* End XCBuildConfiguration section */

/* Begin XCConfigurationList section */
		7D43199B2CA6EA860059EA8F /* Build configuration list for PBXProject "questionsorsmth" */ = {
			isa = XCConfigurationList;
			buildConfigurations = (
				7D4319C22CA6EA870059EA8F /* Debug */,
				7D4319C32CA6EA870059EA8F /* Release */,
			);
			defaultConfigurationIsVisible = 0;
			defaultConfigurationName = Release;
		};
		7D4319C42CA6EA870059EA8F /* Build configuration list for PBXNativeTarget "questionsorsmth" */ = {
			isa = XCConfigurationList;
			buildConfigurations = (
				7D4319C52CA6EA870059EA8F /* Debug */,
				7D4319C62CA6EA870059EA8F /* Release */,
			);
			defaultConfigurationIsVisible = 0;
			defaultConfigurationName = Release;
		};
		7D4319C72CA6EA870059EA8F /* Build configuration list for PBXNativeTarget "questionsorsmthTests" */ = {
			isa = XCConfigurationList;
			buildConfigurations = (
				7D4319C82CA6EA870059EA8F /* Debug */,
				7D4319C92CA6EA870059EA8F /* Release */,
			);
			defaultConfigurationIsVisible = 0;
			defaultConfigurationName = Release;
		};
		7D4319CA2CA6EA870059EA8F /* Build configuration list for PBXNativeTarget "questionsorsmthUITests" */ = {
			isa = XCConfigurationList;
			buildConfigurations = (
				7D4319CB2CA6EA870059EA8F /* Debug */,
				7D4319CC2CA6EA870059EA8F /* Release */,
			);
			defaultConfigurationIsVisible = 0;
			defaultConfigurationName = Release;
		};
/* End XCConfigurationList section */
	};
	rootObject = 7D4319982CA6EA860059EA8F /* Project object */;
}
